
Microsoft Visual Studio Solution File, Format Version 12.00
# Visual Studio Version 16
VisualStudioVersion = 16.0.30717.126
MinimumVisualStudioVersion = 10.0.40219.1
Project("{FAE04EC0-301F-11D3-BF4B-00C04F79EFBC}") = "Doksy", "Doksy\Doksy.csproj", "{A0E884B8-1A19-4B03-A9F5-73EBD4E4911A}"
EndProject
Global
	GlobalSection(SolutionConfigurationPlatforms) = preSolution
		Debug|Any CPU = Debug|Any CPU
		Release|Any CPU = Release|Any CPU
	EndGlobalSection
	GlobalSection(ProjectConfigurationPlatforms) = postSolution
		{A0E884B8-1A19-4B03-A9F5-73EBD4E4911A}.Debug|Any CPU.ActiveCfg = Debug|Any CPU
		{A0E884B8-1A19-4B03-A9F5-73EBD4E4911A}.Debug|Any CPU.Build.0 = Debug|Any CPU
		{A0E884B8-1A19-4B03-A9F5-73EBD4E4911A}.Release|Any CPU.ActiveCfg = Release|Any CPU
		{A0E884B8-1A19-4B03-A9F5-73EBD4E4911A}.Release|Any CPU.Build.0 = Release|Any CPU
	EndGlobalSection
	GlobalSection(SolutionProperties) = preSolution
		HideSolutionNode = FALSE
	EndGlobalSection
	GlobalSection(ExtensibilityGlobals) = postSolution
		SolutionGuid = {C7FAC00B-3F65-472B-AF56-AA29FBFE6CEB}
	EndGlobalSection
EndGlobal
